{
  "name": "svelte-apexcharts",
  "version": "1.0.02",
  "lockfileVersion": 1,
  "requires": true,
  "dependencies": {
    "@babel/helper-module-imports": {
      "version": "7.12.5",
      "resolved": "https://registry.npmjs.org/@babel/helper-module-imports/-/helper-module-imports-7.12.5.tgz",
      "integrity": "sha512-SR713Ogqg6++uexFRORf/+nPXMmWIn80TALu0uaFb+iQIUoR7bOC7zBWyzBs5b3tBBJXuyD0cRu1F15GyzjOWA==",
      "requires": {
        "@babel/types": "^7.12.5"
      }
    },
    "@babel/helper-validator-identifier": {
      "version": "7.10.4",
      "resolved": "https://registry.npmjs.org/@babel/helper-validator-identifier/-/helper-validator-identifier-7.10.4.tgz",
      "integrity": "sha512-3U9y+43hz7ZM+rzG24Qe2mufW5KhvFg/NhnNph+i9mgCtdTCtMJuI1TMkrIUiK7Ix4PYlRF9I5dhqaLYA/ADXw=="
    },
    "@babel/types": {
      "version": "7.12.6",
      "resolved": "https://registry.npmjs.org/@babel/types/-/types-7.12.6.tgz",
      "integrity": "sha512-hwyjw6GvjBLiyy3W0YQf0Z5Zf4NpYejUnKFcfcUhZCSffoBBp30w6wP2Wn6pk31jMYZvcOrB/1b7cGXvEoKogA==",
      "requires": {
        "@babel/helper-validator-identifier": "^7.10.4",
        "lodash": "^4.17.19",
        "to-fast-properties": "^2.0.0"
      }
    },
    "@rollup/plugin-babel": {
      "version": "5.2.1",
      "resolved": "https://registry.npmjs.org/@rollup/plugin-babel/-/plugin-babel-5.2.1.tgz",
      "integrity": "sha512-Jd7oqFR2dzZJ3NWANDyBjwTtX/lYbZpVcmkHrfQcpvawHs9E4c0nYk5U2mfZ6I/DZcIvy506KZJi54XK/jxH7A==",
      "requires": {
        "@babel/helper-module-imports": "^7.10.4",
        "@rollup/pluginutils": "^3.1.0"
      }
    },
    "@rollup/plugin-node-resolve": {
      "version": "10.0.0",
      "resolved": "https://registry.npmjs.org/@rollup/plugin-node-resolve/-/plugin-node-resolve-10.0.0.tgz",
      "integrity": "sha512-sNijGta8fqzwA1VwUEtTvWCx2E7qC70NMsDh4ZG13byAXYigBNZMxALhKUSycBks5gupJdq0lFrKumFrRZ8H3A==",
      "dev": true,
      "requires": {
        "@rollup/pluginutils": "^3.1.0",
        "@types/resolve": "1.17.1",
        "builtin-modules": "^3.1.0",
        "deepmerge": "^4.2.2",
        "is-module": "^1.0.0",
        "resolve": "^1.17.0"
      }
    },
    "@rollup/pluginutils": {
      "version": "3.1.0",
      "resolved": "https://registry.npmjs.org/@rollup/pluginutils/-/pluginutils-3.1.0.tgz",
      "integrity": "sha512-GksZ6pr6TpIjHm8h9lSQ8pi8BE9VeubNT0OMJ3B5uZJ8pz73NPiqOtCog/x2/QzM1ENChPKxMDhiQuRHsqc+lg==",
      "requires": {
        "@types/estree": "0.0.39",
        "estree-walker": "^1.0.1",
        "picomatch": "^2.2.2"
      }
    },
    "@types/estree": {
      "version": "0.0.39",
      "resolved": "https://registry.npmjs.org/@types/estree/-/estree-0.0.39.tgz",
      "integrity": "sha512-EYNwp3bU+98cpU4lAWYYL7Zz+2gryWH1qbdDTidVd6hkiR6weksdbMadyXKXNPEkQFhXM+hVO9ZygomHXp+AIw=="
    },
    "@types/node": {
      "version": "14.14.7",
      "resolved": "https://registry.npmjs.org/@types/node/-/node-14.14.7.tgz",
      "integrity": "sha512-Zw1vhUSQZYw+7u5dAwNbIA9TuTotpzY/OF7sJM9FqPOF3SPjKnxrjoTktXDZgUjybf4cWVBP7O8wvKdSaGHweg==",
      "dev": true
    },
    "@types/resolve": {
      "version": "1.17.1",
      "resolved": "https://registry.npmjs.org/@types/resolve/-/resolve-1.17.1.tgz",
      "integrity": "sha512-yy7HuzQhj0dhGpD8RLXSZWEkLsV9ibvxvi6EiJ3bkqLAO1RGo0WbkWQiwpRlSFymTJRz0d3k5LM3kkx8ArDbLw==",
      "dev": true,
      "requires": {
        "@types/node": "*"
      }
    },
    "apexcharts": {
      "version": "3.22.2",
      "resolved": "https://registry.npmjs.org/apexcharts/-/apexcharts-3.22.2.tgz",
      "integrity": "sha512-pR+cmApk7dhfYILBpe8RVb+FdLfVCt/RDWvAJO1F5feeSQ8lKDgFkRuVu9KOeEarHVXjUpnhLqHNMx7YaprK8A==",
      "requires": {
        "@rollup/plugin-babel": "^5.2.1",
        "svg.draggable.js": "^2.2.2",
        "svg.easing.js": "^2.0.0",
        "svg.filter.js": "^2.0.2",
        "svg.pathmorphing.js": "^0.1.3",
        "svg.resize.js": "^1.4.3",
        "svg.select.js": "^3.0.1"
      }
    },
    "builtin-modules": {
      "version": "3.1.0",
      "resolved": "https://registry.npmjs.org/builtin-modules/-/builtin-modules-3.1.0.tgz",
      "integrity": "sha512-k0KL0aWZuBt2lrxrcASWDfwOLMnodeQjodT/1SxEQAXsHANgo6ZC/VEaSEHCXt7aSTZ4/4H5LKa+tBXmW7Vtvw==",
      "dev": true
    },
    "deepmerge": {
      "version": "4.2.2",
      "resolved": "https://registry.npmjs.org/deepmerge/-/deepmerge-4.2.2.tgz",
      "integrity": "sha512-FJ3UgI4gIl+PHZm53knsuSFpE+nESMr7M4v9QcgB7S63Kj/6WqMiFQJpBBYz1Pt+66bZpP3Q7Lye0Oo9MPKEdg==",
      "dev": true
    },
    "estree-walker": {
      "version": "1.0.1",
      "resolved": "https://registry.npmjs.org/estree-walker/-/estree-walker-1.0.1.tgz",
      "integrity": "sha512-1fMXF3YP4pZZVozF8j/ZLfvnR8NSIljt56UhbZ5PeeDmmGHpgpdwQt7ITlGvYaQukCvuBRMLEiKiYC+oeIg4cg=="
    },
    "fsevents": {
      "version": "2.1.3",
      "resolved": "https://registry.npmjs.org/fsevents/-/fsevents-2.1.3.tgz",
      "integrity": "sha512-Auw9a4AxqWpa9GUfj370BMPzzyncfBABW8Mab7BGWBYDj4Isgq+cDKtx0i6u9jcX9pQDnswsaaOTgTmA5pEjuQ==",
      "dev": true,
      "optional": true
    },
    "function-bind": {
      "version": "1.1.1",
      "resolved": "https://registry.npmjs.org/function-bind/-/function-bind-1.1.1.tgz",
      "integrity": "sha512-yIovAzMX49sF8Yl58fSCWJ5svSLuaibPxXQJFLmBObTuCr0Mf1KiPopGM9NiFjiYBCbfaa2Fh6breQ6ANVTI0A==",
      "dev": true
    },
    "has": {
      "version": "1.0.3",
      "resolved": "https://registry.npmjs.org/has/-/has-1.0.3.tgz",
      "integrity": "sha512-f2dvO0VU6Oej7RkWJGrehjbzMAjFp5/VKPp5tTpWIV4JHHZK1/BxbFRtf/siA2SWTe09caDmVtYYzWEIbBS4zw==",
      "dev": true,
      "requires": {
        "function-bind": "^1.1.1"
      }
    },
    "is-core-module": {
      "version": "2.1.0",
      "resolved": "https://registry.npmjs.org/is-core-module/-/is-core-module-2.1.0.tgz",
      "integrity": "sha512-YcV7BgVMRFRua2FqQzKtTDMz8iCuLEyGKjr70q8Zm1yy2qKcurbFEd79PAdHV77oL3NrAaOVQIbMmiHQCHB7ZA==",
      "dev": true,
      "requires": {
        "has": "^1.0.3"
      }
    },
    "is-module": {
      "version": "1.0.0",
      "resolved": "https://registry.npmjs.org/is-module/-/is-module-1.0.0.tgz",
      "integrity": "sha1-Mlj7afeMFNW4FdZkM2tM/7ZEFZE=",
      "dev": true
    },
    "lodash": {
      "version": "4.17.20",
      "resolved": "https://registry.npmjs.org/lodash/-/lodash-4.17.20.tgz",
      "integrity": "sha512-PlhdFcillOINfeV7Ni6oF1TAEayyZBoZ8bcshTHqOYJYlrqzRK5hagpagky5o4HfCzzd1TRkXPMFq6cKk9rGmA=="
    },
    "path-parse": {
      "version": "1.0.6",
      "resolved": "https://registry.npmjs.org/path-parse/-/path-parse-1.0.6.tgz",
      "integrity": "sha512-GSmOT2EbHrINBf9SR7CDELwlJ8AENk3Qn7OikK4nFYAu3Ote2+JYNVvkpAEQm3/TLNEJFD/xZJjzyxg3KBWOzw==",
      "dev": true
    },
    "picomatch": {
      "version": "2.2.2",
      "resolved": "https://registry.npmjs.org/picomatch/-/picomatch-2.2.2.tgz",
      "integrity": "sha512-q0M/9eZHzmr0AulXyPwNfZjtwZ/RBZlbN3K3CErVrk50T2ASYI7Bye0EvekFY3IP1Nt2DHu0re+V2ZHIpMkuWg=="
    },
    "require-relative": {
      "version": "0.8.7",
      "resolved": "https://registry.npmjs.org/require-relative/-/require-relative-0.8.7.tgz",
      "integrity": "sha1-eZlTn8ngR6N5KPoZb44VY9q9Nt4=",
      "dev": true
    },
    "resolve": {
      "version": "1.19.0",
      "resolved": "https://registry.npmjs.org/resolve/-/resolve-1.19.0.tgz",
      "integrity": "sha512-rArEXAgsBG4UgRGcynxWIWKFvh/XZCcS8UJdHhwy91zwAvCZIbcs+vAbflgBnNjYMs/i/i+/Ux6IZhML1yPvxg==",
      "dev": true,
      "requires": {
        "is-core-module": "^2.1.0",
        "path-parse": "^1.0.6"
      }
    },
    "rollup": {
      "version": "2.33.1",
      "resolved": "https://registry.npmjs.org/rollup/-/rollup-2.33.1.tgz",
      "integrity": "sha512-uY4O/IoL9oNW8MMcbA5hcOaz6tZTMIh7qJHx/tzIJm+n1wLoY38BLn6fuy7DhR57oNFLMbDQtDeJoFURt5933w==",
      "dev": true,
      "requires": {
        "fsevents": "~2.1.2"
      }
    },
    "rollup-plugin-svelte": {
      "version": "7.0.0",
      "resolved": "https://registry.npmjs.org/rollup-plugin-svelte/-/rollup-plugin-svelte-7.0.0.tgz",
      "integrity": "sha512-cw4yv/5v1NQV3nPbpOJtikgkB+9mfSJaqKUdq7x5fVQJnwLtcdc2JOszBs5pBY+SemTs5pmJbdEMseEavbUtjQ==",
      "dev": true,
      "requires": {
        "require-relative": "^0.8.7",
        "rollup-pluginutils": "^2.8.2"
      }
    },
    "rollup-pluginutils": {
      "version": "2.8.2",
      "resolved": "https://registry.npmjs.org/rollup-pluginutils/-/rollup-pluginutils-2.8.2.tgz",
      "integrity": "sha512-EEp9NhnUkwY8aif6bxgovPHMoMoNr2FulJziTndpt5H9RdwC47GSGuII9XxpSdzVGM0GWrNPHV6ie1LTNJPaLQ==",
      "dev": true,
      "requires": {
        "estree-walker": "^0.6.1"
      },
      "dependencies": {
        "estree-walker": {
          "version": "0.6.1",
          "resolved": "https://registry.npmjs.org/estree-walker/-/estree-walker-0.6.1.tgz",
          "integrity": "sha512-SqmZANLWS0mnatqbSfRP5g8OXZC12Fgg1IwNtLsyHDzJizORW4khDfjPqJZsemPWBB2uqykUah5YpQ6epsqC/w==",
          "dev": true
        }
      }
    },
    "svelte": {
      "version": "3.29.7",
      "resolved": "https://registry.npmjs.org/svelte/-/svelte-3.29.7.tgz",
      "integrity": "sha512-rx0g311kBODvEWUU01DFBUl3MJuJven04bvTVFUG/w0On/wuj0PajQY/QlXcJndFxG+W1s8iXKaB418tdHWc3A==",
      "dev": true
    },
    "svg.draggable.js": {
      "version": "2.2.2",
      "resolved": "https://registry.npmjs.org/svg.draggable.js/-/svg.draggable.js-2.2.2.tgz",
      "integrity": "sha512-JzNHBc2fLQMzYCZ90KZHN2ohXL0BQJGQimK1kGk6AvSeibuKcIdDX9Kr0dT9+UJ5O8nYA0RB839Lhvk4CY4MZw==",
      "requires": {
        "svg.js": "^2.0.1"
      }
    },
    "svg.easing.js": {
      "version": "2.0.0",
      "resolved": "https://registry.npmjs.org/svg.easing.js/-/svg.easing.js-2.0.0.tgz",
      "integrity": "sha1-iqmUawqOJ4V6XEChDrpAkeVpHxI=",
      "requires": {
        "svg.js": ">=2.3.x"
      }
    },
    "svg.filter.js": {
      "version": "2.0.2",
      "resolved": "https://registry.npmjs.org/svg.filter.js/-/svg.filter.js-2.0.2.tgz",
      "integrity": "sha1-kQCOFROJ3ZIwd5/L5uLJo2LRwgM=",
      "requires": {
        "svg.js": "^2.2.5"
      }
    },
    "svg.js": {
      "version": "2.7.1",
      "resolved": "https://registry.npmjs.org/svg.js/-/svg.js-2.7.1.tgz",
      "integrity": "sha512-ycbxpizEQktk3FYvn/8BH+6/EuWXg7ZpQREJvgacqn46gIddG24tNNe4Son6omdXCnSOaApnpZw6MPCBA1dODA=="
    },
    "svg.pathmorphing.js": {
      "version": "0.1.3",
      "resolved": "https://registry.npmjs.org/svg.pathmorphing.js/-/svg.pathmorphing.js-0.1.3.tgz",
      "integrity": "sha512-49HWI9X4XQR/JG1qXkSDV8xViuTLIWm/B/7YuQELV5KMOPtXjiwH4XPJvr/ghEDibmLQ9Oc22dpWpG0vUDDNww==",
      "requires": {
        "svg.js": "^2.4.0"
      }
    },
    "svg.resize.js": {
      "version": "1.4.3",
      "resolved": "https://registry.npmjs.org/svg.resize.js/-/svg.resize.js-1.4.3.tgz",
      "integrity": "sha512-9k5sXJuPKp+mVzXNvxz7U0uC9oVMQrrf7cFsETznzUDDm0x8+77dtZkWdMfRlmbkEEYvUn9btKuZ3n41oNA+uw==",
      "requires": {
        "svg.js": "^2.6.5",
        "svg.select.js": "^2.1.2"
      },
      "dependencies": {
        "svg.select.js": {
          "version": "2.1.2",
          "resolved": "https://registry.npmjs.org/svg.select.js/-/svg.select.js-2.1.2.tgz",
          "integrity": "sha512-tH6ABEyJsAOVAhwcCjF8mw4crjXSI1aa7j2VQR8ZuJ37H2MBUbyeqYr5nEO7sSN3cy9AR9DUwNg0t/962HlDbQ==",
          "requires": {
            "svg.js": "^2.2.5"
          }
        }
      }
    },
    "svg.select.js": {
      "version": "3.0.1",
      "resolved": "https://registry.npmjs.org/svg.select.js/-/svg.select.js-3.0.1.tgz",
      "integrity": "sha512-h5IS/hKkuVCbKSieR9uQCj9w+zLHoPh+ce19bBYyqF53g6mnPB8sAtIbe1s9dh2S2fCmYX2xel1Ln3PJBbK4kw==",
      "requires": {
        "svg.js": "^2.6.5"
      }
    },
    "to-fast-properties": {
      "version": "2.0.0",
      "resolved": "https://registry.npmjs.org/to-fast-properties/-/to-fast-properties-2.0.0.tgz",
      "integrity": "sha1-3F5pjL0HkmW8c+A3doGk5Og/YW4="
    }
  }
}
